
Microsoft Visual Studio Solution File, Format Version 12.00
# Visual Studio Version 16
VisualStudioVersion = 16.0.30320.27
MinimumVisualStudioVersion = 10.0.40219.1
Project("{F184B08F-C81C-45F6-A57F-5ABD9991F28F}") = "AtividadeVitrual01", "AtividadeVitrual01\AtividadeVitrual01.vbproj", "{57B928EF-EF92-47FF-811F-7E27DC2D2FFA}"
EndProject
Global
	GlobalSection(SolutionConfigurationPlatforms) = preSolution
		Debug|Any CPU = Debug|Any CPU
		Release|Any CPU = Release|Any CPU
	EndGlobalSection
	GlobalSection(ProjectConfigurationPlatforms) = postSolution
		{57B928EF-EF92-47FF-811F-7E27DC2D2FFA}.Debug|Any CPU.ActiveCfg = Debug|Any CPU
		{57B928EF-EF92-47FF-811F-7E27DC2D2FFA}.Debug|Any CPU.Build.0 = Debug|Any CPU
		{57B928EF-EF92-47FF-811F-7E27DC2D2FFA}.Release|Any CPU.ActiveCfg = Release|Any CPU
		{57B928EF-EF92-47FF-811F-7E27DC2D2FFA}.Release|Any CPU.Build.0 = Release|Any CPU
	EndGlobalSection
	GlobalSection(SolutionProperties) = preSolution
		HideSolutionNode = FALSE
	EndGlobalSection
	GlobalSection(ExtensibilityGlobals) = postSolution
		SolutionGuid = {040D5773-B45E-4AF7-89C7-62F40F4A6544}
	EndGlobalSection
EndGlobal
